
Microsoft Visual Studio Solution File, Format Version 12.00
# Visual Studio 15
VisualStudioVersion = 15.0.26430.16
MinimumVisualStudioVersion = 10.0.40219.1
Project("{F2A71F9B-5D33-465A-A702-920D77279786}") = "FsScripts", "FsScripts\FsScripts.fsproj", "{01D0E459-6B35-462A-8C46-EDF9EA88D37B}"
EndProject
Global
	GlobalSection(SolutionConfigurationPlatforms) = preSolution
		Debug|Any CPU = Debug|Any CPU
		Release|Any CPU = Release|Any CPU
	EndGlobalSection
	GlobalSection(ProjectConfigurationPlatforms) = postSolution
		{01D0E459-6B35-462A-8C46-EDF9EA88D37B}.Debug|Any CPU.ActiveCfg = Debug|Any CPU
		{01D0E459-6B35-462A-8C46-EDF9EA88D37B}.Debug|Any CPU.Build.0 = Debug|Any CPU
		{01D0E459-6B35-462A-8C46-EDF9EA88D37B}.Release|Any CPU.ActiveCfg = Release|Any CPU
		{01D0E459-6B35-462A-8C46-EDF9EA88D37B}.Release|Any CPU.Build.0 = Release|Any CPU
	EndGlobalSection
	GlobalSection(SolutionProperties) = preSolution
		HideSolutionNode = FALSE
	EndGlobalSection
EndGlobal
